
Microsoft Visual Studio Solution File, Format Version 12.00
# Visual Studio Version 16
VisualStudioVersion = 16.0.29806.167
MinimumVisualStudioVersion = 10.0.40219.1
Project("{FAE04EC0-301F-11D3-BF4B-00C04F79EFBC}") = "vehiculo 47", "vehiculo 47.csproj", "{25660693-EF87-4803-8462-EF3614C6018A}"
EndProject
Global
	GlobalSection(SolutionConfigurationPlatforms) = preSolution
		Debug|Any CPU = Debug|Any CPU
		Release|Any CPU = Release|Any CPU
	EndGlobalSection
	GlobalSection(ProjectConfigurationPlatforms) = postSolution
		{25660693-EF87-4803-8462-EF3614C6018A}.Debug|Any CPU.ActiveCfg = Debug|Any CPU
		{25660693-EF87-4803-8462-EF3614C6018A}.Debug|Any CPU.Build.0 = Debug|Any CPU
		{25660693-EF87-4803-8462-EF3614C6018A}.Release|Any CPU.ActiveCfg = Release|Any CPU
		{25660693-EF87-4803-8462-EF3614C6018A}.Release|Any CPU.Build.0 = Release|Any CPU
	EndGlobalSection
	GlobalSection(SolutionProperties) = preSolution
		HideSolutionNode = FALSE
	EndGlobalSection
	GlobalSection(ExtensibilityGlobals) = postSolution
		SolutionGuid = {C556C912-1C97-482F-A1E4-14B8166E739C}
	EndGlobalSection
EndGlobal
