
Microsoft Visual Studio Solution File, Format Version 12.00
# Visual Studio Version 16
VisualStudioVersion = 16.0.29806.167
MinimumVisualStudioVersion = 10.0.40219.1
Project("{FAE04EC0-301F-11D3-BF4B-00C04F79EFBC}") = "usocoche30", "usocoche30.csproj", "{D5FE70E4-1D5A-474F-8764-851D7818A1B6}"
EndProject
Global
	GlobalSection(SolutionConfigurationPlatforms) = preSolution
		Debug|Any CPU = Debug|Any CPU
		Release|Any CPU = Release|Any CPU
	EndGlobalSection
	GlobalSection(ProjectConfigurationPlatforms) = postSolution
		{D5FE70E4-1D5A-474F-8764-851D7818A1B6}.Debug|Any CPU.ActiveCfg = Debug|Any CPU
		{D5FE70E4-1D5A-474F-8764-851D7818A1B6}.Debug|Any CPU.Build.0 = Debug|Any CPU
		{D5FE70E4-1D5A-474F-8764-851D7818A1B6}.Release|Any CPU.ActiveCfg = Release|Any CPU
		{D5FE70E4-1D5A-474F-8764-851D7818A1B6}.Release|Any CPU.Build.0 = Release|Any CPU
	EndGlobalSection
	GlobalSection(SolutionProperties) = preSolution
		HideSolutionNode = FALSE
	EndGlobalSection
	GlobalSection(ExtensibilityGlobals) = postSolution
		SolutionGuid = {82660C0D-7C10-4A21-870B-263F94D46DF7}
	EndGlobalSection
EndGlobal
